lockfileVersion: '6.0'

settings:
  autoInstallPeers: true
  excludeLinksFromLockfile: false

dependencies:
  i18next:
    specifier: ^23.5.1
    version: 23.5.1
  i18next-browser-languagedetector:
    specifier: ^7.1.0
    version: 7.1.0
  react-i18next:
    specifier: ^13.2.2
    version: 13.2.2(i18next@23.5.1)(react@18.2.0)

devDependencies:
  typescript:
    specifier: ^5.2.2
    version: 5.2.2

packages:

  /@babel/runtime@7.23.1:
    resolution: {integrity: sha512-hC2v6p8ZSI/W0HUzh3V8C5g+NwSKzKPtJwSpTjwl0o297GP9+ZLQSkdvHz46CM3LqyoXxq+5G9komY+eSqSO0g==}
    engines: {node: '>=6.9.0'}
    dependencies:
      regenerator-runtime: 0.14.0
    dev: false

  /html-parse-stringify@3.0.1:
    resolution: {integrity: sha512-KknJ50kTInJ7qIScF3jeaFRpMpE8/lfiTdzf/twXyPBLAGrLRTmkz3AdTnKeh40X8k9L2fdYwEp/42WGXIRGcg==}
    dependencies:
      void-elements: 3.1.0
    dev: false

  /i18next-browser-languagedetector@7.1.0:
    resolution: {integrity: sha512-cr2k7u1XJJ4HTOjM9GyOMtbOA47RtUoWRAtt52z43r3AoMs2StYKyjS3URPhzHaf+mn10hY9dZWamga5WPQjhA==}
    dependencies:
      '@babel/runtime': 7.23.1
    dev: false

  /i18next@23.5.1:
    resolution: {integrity: sha512-JelYzcaCoFDaa+Ysbfz2JsGAKkrHiMG6S61+HLBUEIPaF40WMwW9hCPymlQGrP+wWawKxKPuSuD71WZscCsWHg==}
    dependencies:
      '@babel/runtime': 7.23.1
    dev: false

  /js-tokens@4.0.0:
    resolution: {integrity: sha512-RdJUflcE3cUzKiMqQgsCu06FPu9UdIJO0beYbPhHN4k6apgJtifcoCtT9bcxOpYBtpD2kCM6Sbzg4CausW/PKQ==}
    dev: false

  /loose-envify@1.4.0:
    resolution: {integrity: sha512-lyuxPGr/Wfhrlem2CL/UcnUc1zcqKAImBDzukY7Y5F/yQiNdko6+fRLevlw1HgMySw7f611UIY408EtxRSoK3Q==}
    hasBin: true
    dependencies:
      js-tokens: 4.0.0
    dev: false

  /react-i18next@13.2.2(i18next@23.5.1)(react@18.2.0):
    resolution: {integrity: sha512-+nFUkbRByFwnrfDcYqvzBuaeZb+nACHx+fAWN/pZMddWOCJH5hoc21+Sa/N/Lqi6ne6/9wC/qRGOoQhJa6IkEQ==}
    peerDependencies:
      i18next: '>= 23.2.3'
      react: '>= 16.8.0'
      react-dom: '*'
      react-native: '*'
    peerDependenciesMeta:
      react-dom:
        optional: true
      react-native:
        optional: true
    dependencies:
      '@babel/runtime': 7.23.1
      html-parse-stringify: 3.0.1
      i18next: 23.5.1
      react: 18.2.0
    dev: false

  /react@18.2.0:
    resolution: {integrity: sha512-/3IjMdb2L9QbBdWiW5e3P2/npwMBaU9mHCSCUzNln0ZCYbcfTsGbTJrU/kGemdH2IWmB2ioZ+zkxtmq6g09fGQ==}
    engines: {node: '>=0.10.0'}
    dependencies:
      loose-envify: 1.4.0
    dev: false

  /regenerator-runtime@0.14.0:
    resolution: {integrity: sha512-srw17NI0TUWHuGa5CFGGmhfNIeja30WMBfbslPNhf6JrqQlLN5gcrvig1oqPxiVaXb0oW0XRKtH6Nngs5lKCIA==}
    dev: false

  /typescript@5.2.2:
    resolution: {integrity: sha512-mI4WrpHsbCIcwT9cF4FZvr80QUeKvsUsUvKDoR+X/7XHQH98xYD8YHZg7ANtz2GtZt/CBq2QJ0thkGJMHfqc1w==}
    engines: {node: '>=14.17'}
    hasBin: true
    dev: true

  /void-elements@3.1.0:
    resolution: {integrity: sha512-Dhxzh5HZuiHQhbvTW9AMetFfBHDMYpo23Uo9btPXgdYP+3T5S+p+jgNy7spra+veYhBP2dCSgxR/i2Y02h5/6w==}
    engines: {node: '>=0.10.0'}
    dev: false
